
Microsoft Visual Studio Solution File, Format Version 12.00
# Visual Studio Version 17
VisualStudioVersion = 17.10.35013.160
MinimumVisualStudioVersion = 10.0.40219.1
Project("{FAE04EC0-301F-11D3-BF4B-00C04F79EFBC}") = "blog_rpg", "blog_rpg\blog_rpg.csproj", "{3AE82705-AA2B-40C6-AAB4-552DCB5D272D}"
EndProject
Global
	GlobalSection(SolutionConfigurationPlatforms) = preSolution
		Debug|Any CPU = Debug|Any CPU
		Release|Any CPU = Release|Any CPU
	EndGlobalSection
	GlobalSection(ProjectConfigurationPlatforms) = postSolution
		{3AE82705-AA2B-40C6-AAB4-552DCB5D272D}.Debug|Any CPU.ActiveCfg = Debug|Any CPU
		{3AE82705-AA2B-40C6-AAB4-552DCB5D272D}.Debug|Any CPU.Build.0 = Debug|Any CPU
		{3AE82705-AA2B-40C6-AAB4-552DCB5D272D}.Release|Any CPU.ActiveCfg = Release|Any CPU
		{3AE82705-AA2B-40C6-AAB4-552DCB5D272D}.Release|Any CPU.Build.0 = Release|Any CPU
	EndGlobalSection
	GlobalSection(SolutionProperties) = preSolution
		HideSolutionNode = FALSE
	EndGlobalSection
	GlobalSection(ExtensibilityGlobals) = postSolution
		SolutionGuid = {A465BF7B-91CE-40D2-A2B4-E931E77059D0}
	EndGlobalSection
EndGlobal
